// !$*UTF8*$!
{
	archiveVersion = 1;
	classes = {
	};
	objectVersion = 56;
	objects = {

/* Begin PBXBuildFile section */
		CC3CB0B129BE2977005C3C60 /* main.cpp in Sources */ = {isa = PBXBuildFile; fileRef = CC3CB0B029BE2977005C3C60 /* main.cpp */; };
		CCE14B1729BE3DB900128DCD /* initOSM.cpp in Sources */ = {isa = PBXBuildFile; fileRef = CC3CB0B929BE2FB1005C3C60 /* initOSM.cpp */; };
		CCE14B1929BE470600128DCD /* nodes_reindex.cpp in Sources */ = {isa = PBXBuildFile; fileRef = CCE14B1829BE46CA00128DCD /* nodes_reindex.cpp */; };
		CCE14B1B29BE47BB00128DCD /* nodes_make_unique.cpp in Sources */ = {isa = PBXBuildFile; fileRef = CCE14B1A29BE47BB00128DCD /* nodes_make_unique.cpp */; };
		CCE14B1D29BE49A500128DCD /* print_nodes_terminal.cpp in Sources */ = {isa = PBXBuildFile; fileRef = CCE14B1C29BE49A500128DCD /* print_nodes_terminal.cpp */; };
		CCE14B2129BF8A8200128DCD /* print_nodes_csv.cpp in Sources */ = {isa = PBXBuildFile; fileRef = CCE14B2029BF8A8200128DCD /* print_nodes_csv.cpp */; };
		CCE14B2529C4A7FC00128DCD /* initOSRM.cpp in Sources */ = {isa = PBXBuildFile; fileRef = CCE14B2329C4A7FC00128DCD /* initOSRM.cpp */; };
		CCE14B2A29C4E9B200128DCD /* read_nodes_csv.cpp in Sources */ = {isa = PBXBuildFile; fileRef = CCE14B2929C4E9B200128DCD /* read_nodes_csv.cpp */; };
		CCE14B2C29C5A62E00128DCD /* remove_redundant_nodes.cpp in Sources */ = {isa = PBXBuildFile; fileRef = CCE14B2B29C5A62E00128DCD /* remove_redundant_nodes.cpp */; };
		CCE14B2F29C5AD8700128DCD /* print_arcs_terminal.cpp in Sources */ = {isa = PBXBuildFile; fileRef = CCE14B2E29C5AD8700128DCD /* print_arcs_terminal.cpp */; };
		CCE14B3129C5B38900128DCD /* print_arcs_csv.cpp in Sources */ = {isa = PBXBuildFile; fileRef = CCE14B3029C5B38900128DCD /* print_arcs_csv.cpp */; };
/* End PBXBuildFile section */

/* Begin PBXCopyFilesBuildPhase section */
		CC3CB0AB29BE2977005C3C60 /* CopyFiles */ = {
			isa = PBXCopyFilesBuildPhase;
			buildActionMask = 2147483647;
			dstPath = /usr/share/man/man1/;
			dstSubfolderSpec = 0;
			files = (
			);
			runOnlyForDeploymentPostprocessing = 1;
		};
/* End PBXCopyFilesBuildPhase section */

/* Begin PBXFileReference section */
		CC3CB0AD29BE2977005C3C60 /* vv_routing */ = {isa = PBXFileReference; explicitFileType = "compiled.mach-o.executable"; includeInIndex = 0; path = vv_routing; sourceTree = BUILT_PRODUCTS_DIR; };
		CC3CB0B029BE2977005C3C60 /* main.cpp */ = {isa = PBXFileReference; lastKnownFileType = sourcecode.cpp.cpp; path = main.cpp; sourceTree = "<group>"; };
		CC3CB0B829BE2C2E005C3C60 /* initOSM.h */ = {isa = PBXFileReference; explicitFileType = sourcecode.cpp.h; path = initOSM.h; sourceTree = "<group>"; };
		CC3CB0B929BE2FB1005C3C60 /* initOSM.cpp */ = {isa = PBXFileReference; lastKnownFileType = sourcecode.cpp.cpp; path = initOSM.cpp; sourceTree = "<group>"; };
		CC3CB0BA29BE2FD4005C3C60 /* initOSM.ih */ = {isa = PBXFileReference; explicitFileType = sourcecode.cpp.h; path = initOSM.ih; sourceTree = "<group>"; };
		CCE14B1829BE46CA00128DCD /* nodes_reindex.cpp */ = {isa = PBXFileReference; lastKnownFileType = sourcecode.cpp.cpp; path = nodes_reindex.cpp; sourceTree = "<group>"; };
		CCE14B1A29BE47BB00128DCD /* nodes_make_unique.cpp */ = {isa = PBXFileReference; lastKnownFileType = sourcecode.cpp.cpp; path = nodes_make_unique.cpp; sourceTree = "<group>"; };
		CCE14B1C29BE49A500128DCD /* print_nodes_terminal.cpp */ = {isa = PBXFileReference; lastKnownFileType = sourcecode.cpp.cpp; path = print_nodes_terminal.cpp; sourceTree = "<group>"; };
		CCE14B2029BF8A8200128DCD /* print_nodes_csv.cpp */ = {isa = PBXFileReference; lastKnownFileType = sourcecode.cpp.cpp; path = print_nodes_csv.cpp; sourceTree = "<group>"; };
		CCE14B2329C4A7FC00128DCD /* initOSRM.cpp */ = {isa = PBXFileReference; lastKnownFileType = sourcecode.cpp.cpp; path = initOSRM.cpp; sourceTree = "<group>"; };
		CCE14B2429C4A7FC00128DCD /* initOSRM.h */ = {isa = PBXFileReference; explicitFileType = sourcecode.cpp.h; path = initOSRM.h; sourceTree = "<group>"; };
		CCE14B2629C4A83400128DCD /* initOSRM.ih */ = {isa = PBXFileReference; explicitFileType = sourcecode.cpp.h; path = initOSRM.ih; sourceTree = "<group>"; };
		CCE14B2829C4AA9500128DCD /* node.h */ = {isa = PBXFileReference; explicitFileType = sourcecode.cpp.h; path = node.h; sourceTree = "<group>"; };
		CCE14B2929C4E9B200128DCD /* read_nodes_csv.cpp */ = {isa = PBXFileReference; lastKnownFileType = sourcecode.cpp.cpp; path = read_nodes_csv.cpp; sourceTree = "<group>"; };
		CCE14B2B29C5A62E00128DCD /* remove_redundant_nodes.cpp */ = {isa = PBXFileReference; lastKnownFileType = sourcecode.cpp.cpp; path = remove_redundant_nodes.cpp; sourceTree = "<group>"; };
		CCE14B2D29C5A8A100128DCD /* arc.h */ = {isa = PBXFileReference; lastKnownFileType = sourcecode.c.h; path = arc.h; sourceTree = "<group>"; };
		CCE14B2E29C5AD8700128DCD /* print_arcs_terminal.cpp */ = {isa = PBXFileReference; lastKnownFileType = sourcecode.cpp.cpp; path = print_arcs_terminal.cpp; sourceTree = "<group>"; };
		CCE14B3029C5B38900128DCD /* print_arcs_csv.cpp */ = {isa = PBXFileReference; lastKnownFileType = sourcecode.cpp.cpp; path = print_arcs_csv.cpp; sourceTree = "<group>"; };
/* End PBXFileReference section */

/* Begin PBXFrameworksBuildPhase section */
		CC3CB0AA29BE2977005C3C60 /* Frameworks */ = {
			isa = PBXFrameworksBuildPhase;
			buildActionMask = 2147483647;
			files = (
			);
			runOnlyForDeploymentPostprocessing = 0;
		};
/* End PBXFrameworksBuildPhase section */

/* Begin PBXGroup section */
		CC3CB0A429BE2977005C3C60 = {
			isa = PBXGroup;
			children = (
				CC3CB0AF29BE2977005C3C60 /* cpp */,
				CC3CB0AE29BE2977005C3C60 /* Products */,
			);
			sourceTree = "<group>";
		};
		CC3CB0AE29BE2977005C3C60 /* Products */ = {
			isa = PBXGroup;
			children = (
				CC3CB0AD29BE2977005C3C60 /* vv_routing */,
			);
			name = Products;
			sourceTree = "<group>";
		};
		CC3CB0AF29BE2977005C3C60 /* cpp */ = {
			isa = PBXGroup;
			children = (
				CCE14B2729C4AA7400128DCD /* structs */,
				CCE14B2229C4A7E100128DCD /* initOSRM */,
				CC3CB0B729BE2BFD005C3C60 /* initOSM */,
				CC3CB0B029BE2977005C3C60 /* main.cpp */,
			);
			path = cpp;
			sourceTree = "<group>";
		};
		CC3CB0B729BE2BFD005C3C60 /* initOSM */ = {
			isa = PBXGroup;
			children = (
				CC3CB0B829BE2C2E005C3C60 /* initOSM.h */,
				CC3CB0B929BE2FB1005C3C60 /* initOSM.cpp */,
				CC3CB0BA29BE2FD4005C3C60 /* initOSM.ih */,
				CCE14B1829BE46CA00128DCD /* nodes_reindex.cpp */,
				CCE14B1A29BE47BB00128DCD /* nodes_make_unique.cpp */,
				CCE14B1C29BE49A500128DCD /* print_nodes_terminal.cpp */,
				CCE14B2029BF8A8200128DCD /* print_nodes_csv.cpp */,
			);
			path = initOSM;
			sourceTree = "<group>";
		};
		CCE14B2229C4A7E100128DCD /* initOSRM */ = {
			isa = PBXGroup;
			children = (
				CCE14B2329C4A7FC00128DCD /* initOSRM.cpp */,
				CCE14B2429C4A7FC00128DCD /* initOSRM.h */,
				CCE14B2629C4A83400128DCD /* initOSRM.ih */,
				CCE14B2929C4E9B200128DCD /* read_nodes_csv.cpp */,
				CCE14B2B29C5A62E00128DCD /* remove_redundant_nodes.cpp */,
				CCE14B2E29C5AD8700128DCD /* print_arcs_terminal.cpp */,
				CCE14B3029C5B38900128DCD /* print_arcs_csv.cpp */,
			);
			path = initOSRM;
			sourceTree = "<group>";
		};
		CCE14B2729C4AA7400128DCD /* structs */ = {
			isa = PBXGroup;
			children = (
				CCE14B2829C4AA9500128DCD /* node.h */,
				CCE14B2D29C5A8A100128DCD /* arc.h */,
			);
			path = structs;
			sourceTree = "<group>";
		};
/* End PBXGroup section */

/* Begin PBXNativeTarget section */
		CC3CB0AC29BE2977005C3C60 /* vv_routing */ = {
			isa = PBXNativeTarget;
			buildConfigurationList = CC3CB0B429BE2977005C3C60 /* Build configuration list for PBXNativeTarget "vv_routing" */;
			buildPhases = (
				CC3CB0A929BE2977005C3C60 /* Sources */,
				CC3CB0AA29BE2977005C3C60 /* Frameworks */,
				CC3CB0AB29BE2977005C3C60 /* CopyFiles */,
			);
			buildRules = (
			);
			dependencies = (
			);
			name = vv_routing;
			productName = vv_routing;
			productReference = CC3CB0AD29BE2977005C3C60 /* vv_routing */;
			productType = "com.apple.product-type.tool";
		};
/* End PBXNativeTarget section */

/* Begin PBXProject section */
		CC3CB0A529BE2977005C3C60 /* Project object */ = {
			isa = PBXProject;
			attributes = {
				BuildIndependentTargetsInParallel = 1;
				LastUpgradeCheck = 1420;
				TargetAttributes = {
					CC3CB0AC29BE2977005C3C60 = {
						CreatedOnToolsVersion = 14.2;
					};
				};
			};
			buildConfigurationList = CC3CB0A829BE2977005C3C60 /* Build configuration list for PBXProject "vv_routing" */;
			compatibilityVersion = "Xcode 14.0";
			developmentRegion = en;
			hasScannedForEncodings = 0;
			knownRegions = (
				en,
				Base,
			);
			mainGroup = CC3CB0A429BE2977005C3C60;
			productRefGroup = CC3CB0AE29BE2977005C3C60 /* Products */;
			projectDirPath = "";
			projectRoot = "";
			targets = (
				CC3CB0AC29BE2977005C3C60 /* vv_routing */,
			);
		};
/* End PBXProject section */

/* Begin PBXSourcesBuildPhase section */
		CC3CB0A929BE2977005C3C60 /* Sources */ = {
			isa = PBXSourcesBuildPhase;
			buildActionMask = 2147483647;
			files = (
				CCE14B3129C5B38900128DCD /* print_arcs_csv.cpp in Sources */,
				CCE14B2F29C5AD8700128DCD /* print_arcs_terminal.cpp in Sources */,
				CCE14B2529C4A7FC00128DCD /* initOSRM.cpp in Sources */,
				CCE14B2C29C5A62E00128DCD /* remove_redundant_nodes.cpp in Sources */,
				CC3CB0B129BE2977005C3C60 /* main.cpp in Sources */,
				CCE14B2A29C4E9B200128DCD /* read_nodes_csv.cpp in Sources */,
				CCE14B1729BE3DB900128DCD /* initOSM.cpp in Sources */,
				CCE14B2129BF8A8200128DCD /* print_nodes_csv.cpp in Sources */,
				CCE14B1B29BE47BB00128DCD /* nodes_make_unique.cpp in Sources */,
				CCE14B1D29BE49A500128DCD /* print_nodes_terminal.cpp in Sources */,
				CCE14B1929BE470600128DCD /* nodes_reindex.cpp in Sources */,
			);
			runOnlyForDeploymentPostprocessing = 0;
		};
/* End PBXSourcesBuildPhase section */

/* Begin XCBuildConfiguration section */
		CC3CB0B229BE2977005C3C60 /* Debug */ = {
			isa = XCBuildConfiguration;
			buildSettings = {
				ALWAYS_SEARCH_USER_PATHS = NO;
				CLANG_ANALYZER_NONNULL = YES;
				CLANG_ANALYZER_NUMBER_OBJECT_CONVERSION = YES_AGGRESSIVE;
				CLANG_CXX_LANGUAGE_STANDARD = "gnu++20";
				CLANG_ENABLE_MODULES = YES;
				CLANG_ENABLE_OBJC_ARC = YES;
				CLANG_ENABLE_OBJC_WEAK = YES;
				CLANG_WARN_BLOCK_CAPTURE_AUTORELEASING = YES;
				CLANG_WARN_BOOL_CONVERSION = YES;
				CLANG_WARN_COMMA = YES;
				CLANG_WARN_CONSTANT_CONVERSION = YES;
				CLANG_WARN_DEPRECATED_OBJC_IMPLEMENTATIONS = YES;
				CLANG_WARN_DIRECT_OBJC_ISA_USAGE = YES_ERROR;
				CLANG_WARN_DOCUMENTATION_COMMENTS = YES;
				CLANG_WARN_EMPTY_BODY = YES;
				CLANG_WARN_ENUM_CONVERSION = YES;
				CLANG_WARN_INFINITE_RECURSION = YES;
				CLANG_WARN_INT_CONVERSION = YES;
				CLANG_WARN_NON_LITERAL_NULL_CONVERSION = YES;
				CLANG_WARN_OBJC_IMPLICIT_RETAIN_SELF = YES;
				CLANG_WARN_OBJC_LITERAL_CONVERSION = YES;
				CLANG_WARN_OBJC_ROOT_CLASS = YES_ERROR;
				CLANG_WARN_QUOTED_INCLUDE_IN_FRAMEWORK_HEADER = YES;
				CLANG_WARN_RANGE_LOOP_ANALYSIS = YES;
				CLANG_WARN_STRICT_PROTOTYPES = YES;
				CLANG_WARN_SUSPICIOUS_MOVE = YES;
				CLANG_WARN_UNGUARDED_AVAILABILITY = YES_AGGRESSIVE;
				CLANG_WARN_UNREACHABLE_CODE = YES;
				CLANG_WARN__DUPLICATE_METHOD_MATCH = YES;
				COPY_PHASE_STRIP = NO;
				DEBUG_INFORMATION_FORMAT = dwarf;
				ENABLE_STRICT_OBJC_MSGSEND = YES;
				ENABLE_TESTABILITY = YES;
				GCC_C_LANGUAGE_STANDARD = gnu11;
				GCC_DYNAMIC_NO_PIC = NO;
				GCC_NO_COMMON_BLOCKS = YES;
				GCC_OPTIMIZATION_LEVEL = 0;
				GCC_PREPROCESSOR_DEFINITIONS = (
					"DEBUG=1",
					"$(inherited)",
				);
				GCC_WARN_64_TO_32_BIT_CONVERSION = YES;
				GCC_WARN_ABOUT_RETURN_TYPE = YES_ERROR;
				GCC_WARN_UNDECLARED_SELECTOR = YES;
				GCC_WARN_UNINITIALIZED_AUTOS = YES_AGGRESSIVE;
				GCC_WARN_UNUSED_FUNCTION = YES;
				GCC_WARN_UNUSED_VARIABLE = YES;
				HEADER_SEARCH_PATHS = "";
				LIBRARY_SEARCH_PATHS = "";
				MACOSX_DEPLOYMENT_TARGET = 13.1;
				MTL_ENABLE_DEBUG_INFO = INCLUDE_SOURCE;
				MTL_FAST_MATH = YES;
				ONLY_ACTIVE_ARCH = YES;
				OTHER_CFLAGS = (
					"-Xpreprocessor",
					"-fopenmp",
				);
				OTHER_LDFLAGS = (
					"-lexpat",
					"-lbz2",
					"-lz",
					"-lprotobuf",
					"-lgdal",
					"-lboost_filesystem",
					"-lboost_iostreams",
					"-lpthread",
					"-lboost_thread-mt",
					"-losrm",
					"-lomp",
				);
				SDKROOT = macosx;
			};
			name = Debug;
		};
		CC3CB0B329BE2977005C3C60 /* Release */ = {
			isa = XCBuildConfiguration;
			buildSettings = {
				ALWAYS_SEARCH_USER_PATHS = NO;
				CLANG_ANALYZER_NONNULL = YES;
				CLANG_ANALYZER_NUMBER_OBJECT_CONVERSION = YES_AGGRESSIVE;
				CLANG_CXX_LANGUAGE_STANDARD = "gnu++20";
				CLANG_ENABLE_MODULES = YES;
				CLANG_ENABLE_OBJC_ARC = YES;
				CLANG_ENABLE_OBJC_WEAK = YES;
				CLANG_WARN_BLOCK_CAPTURE_AUTORELEASING = YES;
				CLANG_WARN_BOOL_CONVERSION = YES;
				CLANG_WARN_COMMA = YES;
				CLANG_WARN_CONSTANT_CONVERSION = YES;
				CLANG_WARN_DEPRECATED_OBJC_IMPLEMENTATIONS = YES;
				CLANG_WARN_DIRECT_OBJC_ISA_USAGE = YES_ERROR;
				CLANG_WARN_DOCUMENTATION_COMMENTS = YES;
				CLANG_WARN_EMPTY_BODY = YES;
				CLANG_WARN_ENUM_CONVERSION = YES;
				CLANG_WARN_INFINITE_RECURSION = YES;
				CLANG_WARN_INT_CONVERSION = YES;
				CLANG_WARN_NON_LITERAL_NULL_CONVERSION = YES;
				CLANG_WARN_OBJC_IMPLICIT_RETAIN_SELF = YES;
				CLANG_WARN_OBJC_LITERAL_CONVERSION = YES;
				CLANG_WARN_OBJC_ROOT_CLASS = YES_ERROR;
				CLANG_WARN_QUOTED_INCLUDE_IN_FRAMEWORK_HEADER = YES;
				CLANG_WARN_RANGE_LOOP_ANALYSIS = YES;
				CLANG_WARN_STRICT_PROTOTYPES = YES;
				CLANG_WARN_SUSPICIOUS_MOVE = YES;
				CLANG_WARN_UNGUARDED_AVAILABILITY = YES_AGGRESSIVE;
				CLANG_WARN_UNREACHABLE_CODE = YES;
				CLANG_WARN__DUPLICATE_METHOD_MATCH = YES;
				COPY_PHASE_STRIP = NO;
				DEBUG_INFORMATION_FORMAT = "dwarf-with-dsym";
				ENABLE_NS_ASSERTIONS = NO;
				ENABLE_STRICT_OBJC_MSGSEND = YES;
				GCC_C_LANGUAGE_STANDARD = gnu11;
				GCC_NO_COMMON_BLOCKS = YES;
				GCC_WARN_64_TO_32_BIT_CONVERSION = YES;
				GCC_WARN_ABOUT_RETURN_TYPE = YES_ERROR;
				GCC_WARN_UNDECLARED_SELECTOR = YES;
				GCC_WARN_UNINITIALIZED_AUTOS = YES_AGGRESSIVE;
				GCC_WARN_UNUSED_FUNCTION = YES;
				GCC_WARN_UNUSED_VARIABLE = YES;
				HEADER_SEARCH_PATHS = "";
				LIBRARY_SEARCH_PATHS = "";
				MACOSX_DEPLOYMENT_TARGET = 13.1;
				MTL_ENABLE_DEBUG_INFO = NO;
				MTL_FAST_MATH = YES;
				ONLY_ACTIVE_ARCH = YES;
				OTHER_CFLAGS = (
					"-Xpreprocessor",
					"-fopenmp",
				);
				OTHER_LDFLAGS = (
					"-lexpat",
					"-lbz2",
					"-lz",
					"-lprotobuf",
					"-lgdal",
					"-lboost_filesystem",
					"-lboost_iostreams",
					"-lpthread",
					"-lboost_thread-mt",
					"-losrm",
					"-lomp",
				);
				SDKROOT = macosx;
			};
			name = Release;
		};
		CC3CB0B529BE2977005C3C60 /* Debug */ = {
			isa = XCBuildConfiguration;
			buildSettings = {
				CODE_SIGN_STYLE = Automatic;
				HEADER_SEARCH_PATHS = (
					/opt/homebrew/opt/expat/include,
					/opt/homebrew/opt/bzip2/include,
					/opt/homebrew/opt/protobuf/include,
					/opt/homebrew/opt/gdal/include,
					/opt/homebrew/opt/zlib/include,
					"/opt/local/include/**",
					/opt/homebrew/opt/libosmium/include,
					"/opt/homebrew/Cellar/osrm-backend/5.27.1_1/include/**",
					/opt/homebrew/opt/boost/include,
					/opt/homebrew/opt/libomp/include,
				);
				LIBRARY_SEARCH_PATHS = (
					/opt/homebrew/opt/bzip2/lib,
					/opt/homebrew/opt/protobuf/lib,
					/opt/homebrew/opt/gdal/lib,
					/opt/homebrew/opt/boost/lib,
					"/opt/homebrew/Cellar/osrm-backend/5.27.1_1/lib",
					/opt/homebrew/opt/libomp/lib,
				);
				PRODUCT_NAME = "$(TARGET_NAME)";
			};
			name = Debug;
		};
		CC3CB0B629BE2977005C3C60 /* Release */ = {
			isa = XCBuildConfiguration;
			buildSettings = {
				CODE_SIGN_STYLE = Automatic;
				HEADER_SEARCH_PATHS = (
					/opt/homebrew/opt/expat/include,
					/opt/homebrew/opt/bzip2/include,
					/opt/homebrew/opt/protobuf/include,
					/opt/homebrew/opt/gdal/include,
					/opt/homebrew/opt/zlib/include,
					"/opt/local/include/**",
					/opt/homebrew/opt/libosmium/include,
					"/opt/homebrew/Cellar/osrm-backend/5.27.1_1/include/**",
					/opt/homebrew/opt/boost/include,
					/opt/homebrew/opt/libomp/include,
				);
				LIBRARY_SEARCH_PATHS = (
					/opt/homebrew/opt/bzip2/lib,
					/opt/homebrew/opt/protobuf/lib,
					/opt/homebrew/opt/gdal/lib,
					/opt/homebrew/opt/boost/lib,
					"/opt/homebrew/Cellar/osrm-backend/5.27.1_1/lib",
					/opt/homebrew/opt/libomp/lib,
				);
				PRODUCT_NAME = "$(TARGET_NAME)";
			};
			name = Release;
		};
/* End XCBuildConfiguration section */

/* Begin XCConfigurationList section */
		CC3CB0A829BE2977005C3C60 /* Build configuration list for PBXProject "vv_routing" */ = {
			isa = XCConfigurationList;
			buildConfigurations = (
				CC3CB0B229BE2977005C3C60 /* Debug */,
				CC3CB0B329BE2977005C3C60 /* Release */,
			);
			defaultConfigurationIsVisible = 0;
			defaultConfigurationName = Release;
		};
		CC3CB0B429BE2977005C3C60 /* Build configuration list for PBXNativeTarget "vv_routing" */ = {
			isa = XCConfigurationList;
			buildConfigurations = (
				CC3CB0B529BE2977005C3C60 /* Debug */,
				CC3CB0B629BE2977005C3C60 /* Release */,
			);
			defaultConfigurationIsVisible = 0;
			defaultConfigurationName = Release;
		};
/* End XCConfigurationList section */
	};
	rootObject = CC3CB0A529BE2977005C3C60 /* Project object */;
}
